// !$*UTF8*$!
{
	archiveVersion = 1;
	classes = {
	};
	objectVersion = 46;
	objects = {

/* Begin PBXBuildFile section */
		13B07FBC1A68108700A75B9A /* AppDelegate.m in Sources */ = {isa = PBXBuildFile; fileRef = 13B07FB01A68108700A75B9A /* AppDelegate.m */; };
		13B07FBD1A68108700A75B9A /* LaunchScreen.xib in Resources */ = {isa = PBXBuildFile; fileRef = 13B07FB11A68108700A75B9A /* LaunchScreen.xib */; };
		13B07FBF1A68108700A75B9A /* Images.xcassets in Resources */ = {isa = PBXBuildFile; fileRef = 13B07FB51A68108700A75B9A /* Images.xcassets */; };
		13B07FC11A68108700A75B9A /* main.m in Sources */ = {isa = PBXBuildFile; fileRef = 13B07FB71A68108700A75B9A /* main.m */; };
		1470D32C92B843E8AE2511C2 /* OpenSans-SemiBoldItalic.ttf in Resources */ = {isa = PBXBuildFile; fileRef = ACE526E7099D485293ED70AD /* OpenSans-SemiBoldItalic.ttf */; };
		1DFEF2B52335E035BDDC87EC /* libPods-EasyBudget.a in Frameworks */ = {isa = PBXBuildFile; fileRef = 63F87B4BB4EBB7351C39AFAA /* libPods-EasyBudget.a */; };
		2D0DCC7AC42D4005AC991BF7 /* Montserrat-Medium.ttf in Resources */ = {isa = PBXBuildFile; fileRef = 706DA9EC915543768318FACA /* Montserrat-Medium.ttf */; };
		3190757E27E14B36BE876A13 /* OpenSans-Light.ttf in Resources */ = {isa = PBXBuildFile; fileRef = 437271B2B6844842B3E645B9 /* OpenSans-Light.ttf */; };
		3CFD17EEA8B743EDBDEC60D4 /* Montserrat-Regular.ttf in Resources */ = {isa = PBXBuildFile; fileRef = 774893FBBDD943C6920857B1 /* Montserrat-Regular.ttf */; };
		3E6BBD1D23DF6AF900F6F7B0 /* GoogleService-Info.plist in Resources */ = {isa = PBXBuildFile; fileRef = 3E6BBD1C23DF6AF900F6F7B0 /* GoogleService-Info.plist */; };
		3EDBEA0724536A120032C63A /* splash-screen-logo.png in Resources */ = {isa = PBXBuildFile; fileRef = 3EDBEA0524536A120032C63A /* splash-screen-logo.png */; };
		3EDBEA0824536A120032C63A /* splash-screen-robot-large.png in Resources */ = {isa = PBXBuildFile; fileRef = 3EDBEA0624536A120032C63A /* splash-screen-robot-large.png */; };
		3E6C8DC424511A410082F57B /* File.swift in Sources */ = {isa = PBXBuildFile; fileRef = 3E6C8DC324511A410082F57B /* File.swift */; };
		4957BF4F19144BA18D0399F0 /* Montserrat-SemiBoldItalic.ttf in Resources */ = {isa = PBXBuildFile; fileRef = DE08C4B6543848BEB80D51C3 /* Montserrat-SemiBoldItalic.ttf */; };
		4F34A1A855864888A8D674B4 /* Montserrat-ExtraLightItalic.ttf in Resources */ = {isa = PBXBuildFile; fileRef = 58E5A75BD4F64D19B4EFC946 /* Montserrat-ExtraLightItalic.ttf */; };
		54CDE63FB6D64FF192C45178 /* Montserrat-BoldItalic.ttf in Resources */ = {isa = PBXBuildFile; fileRef = FC6A6BEF88784028BD9B48F7 /* Montserrat-BoldItalic.ttf */; };
		6A1537FB217E4A99B445D096 /* Montserrat-ExtraBold.ttf in Resources */ = {isa = PBXBuildFile; fileRef = F48A601665944C098C15620D /* Montserrat-ExtraBold.ttf */; };
		6E0F89470B144B3593AA88A3 /* Montserrat-SemiBold.ttf in Resources */ = {isa = PBXBuildFile; fileRef = 39CB648CA51F4E5780965F83 /* Montserrat-SemiBold.ttf */; };
		86B837AA26764AF88A9228FD /* Montserrat-Bold.ttf in Resources */ = {isa = PBXBuildFile; fileRef = 954B04760A724F0AAF44AD0A /* Montserrat-Bold.ttf */; };
		8ABEDA155E4A40DC91BC4489 /* OpenSans-Italic.ttf in Resources */ = {isa = PBXBuildFile; fileRef = F54ECE3EA4504EEEAC8E18F7 /* OpenSans-Italic.ttf */; };
		902F8A6ACE6F4D1AA42C0738 /* Montserrat-ExtraBoldItalic.ttf in Resources */ = {isa = PBXBuildFile; fileRef = 707BB5BF7E8040DD8196358C /* Montserrat-ExtraBoldItalic.ttf */; };
		91B77D73A7FB485AB5A09E1C /* OpenSans-ExtraBold.ttf in Resources */ = {isa = PBXBuildFile; fileRef = 17B6A9381F214DF486AD7FED /* OpenSans-ExtraBold.ttf */; };
		9296CFB056D246EAAF4B3850 /* Montserrat-ExtraLight.ttf in Resources */ = {isa = PBXBuildFile; fileRef = 2568F3C8D3374B0F9796E95B /* Montserrat-ExtraLight.ttf */; };
		934D68B53AD942E497B2FC91 /* OpenSans-Bold.ttf in Resources */ = {isa = PBXBuildFile; fileRef = D467E1B9231E4486BB882B77 /* OpenSans-Bold.ttf */; };
		9BC6356E43304CE0B93194BE /* OpenSans-SemiBold.ttf in Resources */ = {isa = PBXBuildFile; fileRef = D9F786EB08234E739CBB8563 /* OpenSans-SemiBold.ttf */; };
		AC66C219830E4F5F89125FB6 /* Montserrat-Thin.ttf in Resources */ = {isa = PBXBuildFile; fileRef = C61B771E51B94640994F054F /* Montserrat-Thin.ttf */; };
		AEE9982D4E6D4A9A927B614B /* Montserrat-MediumItalic.ttf in Resources */ = {isa = PBXBuildFile; fileRef = 63EAFA0191484B40ACB8166A /* Montserrat-MediumItalic.ttf */; };
		B585E283FD624D5F8F3AC672 /* Montserrat-Black.ttf in Resources */ = {isa = PBXBuildFile; fileRef = DB3EBEBB34E44EEBABA86E35 /* Montserrat-Black.ttf */; };
		B70E2FEBB3D24596A3D3A2C0 /* OpenSans-BoldItalic.ttf in Resources */ = {isa = PBXBuildFile; fileRef = F09B5F24380D40D499A168CF /* OpenSans-BoldItalic.ttf */; };
		B7D8DF67B7524B289CCD6636 /* OpenSans-ExtraBoldItalic.ttf in Resources */ = {isa = PBXBuildFile; fileRef = ABB68E67EFC6445B929A732D /* OpenSans-ExtraBoldItalic.ttf */; };
		B9CA9A29CF934002964D41EE /* Montserrat-Light.ttf in Resources */ = {isa = PBXBuildFile; fileRef = 94C1AB64C5084C38ADB4107F /* Montserrat-Light.ttf */; };
		BCD655FDD7A04018886CE61A /* Montserrat-BlackItalic.ttf in Resources */ = {isa = PBXBuildFile; fileRef = 84D49403E88441049E21CFF3 /* Montserrat-BlackItalic.ttf */; };
		BF7AE9C940534791AC64BC92 /* Montserrat-ThinItalic.ttf in Resources */ = {isa = PBXBuildFile; fileRef = AB17C35227D3465AB847BC16 /* Montserrat-ThinItalic.ttf */; };
		D39B303DEDEE4404927F05E1 /* OpenSans-LightItalic.ttf in Resources */ = {isa = PBXBuildFile; fileRef = DB266AD9009042EFBC3C1C7D /* OpenSans-LightItalic.ttf */; };
		D6F0B001A1A5411BBD735792 /* OpenSans-Regular.ttf in Resources */ = {isa = PBXBuildFile; fileRef = 0337C67CF9B2407AB7F9927B /* OpenSans-Regular.ttf */; };
		DB2A6011118C472D8CC4CE00 /* Montserrat-LightItalic.ttf in Resources */ = {isa = PBXBuildFile; fileRef = 469E58E4993F45989F6523C2 /* Montserrat-LightItalic.ttf */; };
		E3D9FE7B5B3843868F61E040 /* Montserrat-Italic.ttf in Resources */ = {isa = PBXBuildFile; fileRef = 2FC9189F05AB4851B3CA77F1 /* Montserrat-Italic.ttf */; };
/* End PBXBuildFile section */

/* Begin PBXFileReference section */
		008F07F21AC5B25A0029DE68 /* main.jsbundle */ = {isa = PBXFileReference; fileEncoding = 4; lastKnownFileType = text; path = main.jsbundle; sourceTree = "<group>"; };
		0337C67CF9B2407AB7F9927B /* OpenSans-Regular.ttf */ = {isa = PBXFileReference; explicitFileType = undefined; fileEncoding = 9; includeInIndex = 0; lastKnownFileType = unknown; name = "OpenSans-Regular.ttf"; path = "../assets/fonts/OpenSans-Regular.ttf"; sourceTree = "<group>"; };
		114C71ABBCE34D938622E6DA /* AntDesign.ttf */ = {isa = PBXFileReference; explicitFileType = undefined; fileEncoding = 9; includeInIndex = 0; lastKnownFileType = unknown; name = AntDesign.ttf; path = "../node_modules/react-native-vector-icons/Fonts/AntDesign.ttf"; sourceTree = "<group>"; };
		11E075602A78BE340376B635 /* Pods-EasyBudget-tvOSTests.debug.xcconfig */ = {isa = PBXFileReference; includeInIndex = 1; lastKnownFileType = text.xcconfig; name = "Pods-EasyBudget-tvOSTests.debug.xcconfig"; path = "Pods/Target Support Files/Pods-EasyBudget-tvOSTests/Pods-EasyBudget-tvOSTests.debug.xcconfig"; sourceTree = "<group>"; };
		13B07F961A680F5B00A75B9A /* EasyBudget.app */ = {isa = PBXFileReference; explicitFileType = wrapper.application; includeInIndex = 0; path = EasyBudget.app; sourceTree = BUILT_PRODUCTS_DIR; };
		13B07FAF1A68108700A75B9A /* AppDelegate.h */ = {isa = PBXFileReference; fileEncoding = 4; lastKnownFileType = sourcecode.c.h; name = AppDelegate.h; path = EasyBudget/AppDelegate.h; sourceTree = "<group>"; };
		13B07FB01A68108700A75B9A /* AppDelegate.m */ = {isa = PBXFileReference; fileEncoding = 4; lastKnownFileType = sourcecode.c.objc; name = AppDelegate.m; path = EasyBudget/AppDelegate.m; sourceTree = "<group>"; };
		13B07FB21A68108700A75B9A /* Base */ = {isa = PBXFileReference; lastKnownFileType = file.xib; name = Base; path = Base.lproj/LaunchScreen.xib; sourceTree = "<group>"; };
		13B07FB51A68108700A75B9A /* Images.xcassets */ = {isa = PBXFileReference; lastKnownFileType = folder.assetcatalog; name = Images.xcassets; path = EasyBudget/Images.xcassets; sourceTree = "<group>"; };
		13B07FB61A68108700A75B9A /* Info.plist */ = {isa = PBXFileReference; fileEncoding = 4; lastKnownFileType = text.plist.xml; name = Info.plist; path = EasyBudget/Info.plist; sourceTree = "<group>"; };
		13B07FB71A68108700A75B9A /* main.m */ = {isa = PBXFileReference; fileEncoding = 4; lastKnownFileType = sourcecode.c.objc; name = main.m; path = EasyBudget/main.m; sourceTree = "<group>"; };
		17B6A9381F214DF486AD7FED /* OpenSans-ExtraBold.ttf */ = {isa = PBXFileReference; explicitFileType = undefined; fileEncoding = 9; includeInIndex = 0; lastKnownFileType = unknown; name = "OpenSans-ExtraBold.ttf"; path = "../assets/fonts/OpenSans-ExtraBold.ttf"; sourceTree = "<group>"; };
		1CF9C57A3AF64DCF80FAF9C6 /* FontAwesome5_Solid.ttf */ = {isa = PBXFileReference; explicitFileType = undefined; fileEncoding = 9; includeInIndex = 0; lastKnownFileType = unknown; name = FontAwesome5_Solid.ttf; path = "../node_modules/react-native-vector-icons/Fonts/FontAwesome5_Solid.ttf"; sourceTree = "<group>"; };
		221FA670EEBB4B9F8FF54751 /* MaterialIcons.ttf */ = {isa = PBXFileReference; explicitFileType = undefined; fileEncoding = 9; includeInIndex = 0; lastKnownFileType = unknown; name = MaterialIcons.ttf; path = "../node_modules/react-native-vector-icons/Fonts/MaterialIcons.ttf"; sourceTree = "<group>"; };
		23A487F171514DA7BD019A7E /* Fontisto.ttf */ = {isa = PBXFileReference; explicitFileType = undefined; fileEncoding = 9; includeInIndex = 0; lastKnownFileType = unknown; name = Fontisto.ttf; path = "../node_modules/react-native-vector-icons/Fonts/Fontisto.ttf"; sourceTree = "<group>"; };
		2568F3C8D3374B0F9796E95B /* Montserrat-ExtraLight.ttf */ = {isa = PBXFileReference; explicitFileType = undefined; fileEncoding = 9; includeInIndex = 0; lastKnownFileType = unknown; name = "Montserrat-ExtraLight.ttf"; path = "../assets/fonts/Montserrat-ExtraLight.ttf"; sourceTree = "<group>"; };
		2A4B1D4A858A4250808F5B4B /* FontAwesome5_Brands.ttf */ = {isa = PBXFileReference; explicitFileType = undefined; fileEncoding = 9; includeInIndex = 0; lastKnownFileType = unknown; name = FontAwesome5_Brands.ttf; path = "../node_modules/react-native-vector-icons/Fonts/FontAwesome5_Brands.ttf"; sourceTree = "<group>"; };
		2FC9189F05AB4851B3CA77F1 /* Montserrat-Italic.ttf */ = {isa = PBXFileReference; explicitFileType = undefined; fileEncoding = 9; includeInIndex = 0; lastKnownFileType = unknown; name = "Montserrat-Italic.ttf"; path = "../assets/fonts/Montserrat-Italic.ttf"; sourceTree = "<group>"; };
		39CB648CA51F4E5780965F83 /* Montserrat-SemiBold.ttf */ = {isa = PBXFileReference; explicitFileType = undefined; fileEncoding = 9; includeInIndex = 0; lastKnownFileType = unknown; name = "Montserrat-SemiBold.ttf"; path = "../assets/fonts/Montserrat-SemiBold.ttf"; sourceTree = "<group>"; };
		3E6BBD1C23DF6AF900F6F7B0 /* GoogleService-Info.plist */ = {isa = PBXFileReference; fileEncoding = 4; lastKnownFileType = text.plist.xml; path = "GoogleService-Info.plist"; sourceTree = "<group>"; };
		3E6C8DC224511A410082F57B /* EasyBudget-Bridging-Header.h */ = {isa = PBXFileReference; lastKnownFileType = sourcecode.c.h; path = "EasyBudget-Bridging-Header.h"; sourceTree = "<group>"; };
		3E6C8DC324511A410082F57B /* File.swift */ = {isa = PBXFileReference; lastKnownFileType = sourcecode.swift; path = File.swift; sourceTree = "<group>"; };
		437271B2B6844842B3E645B9 /* OpenSans-Light.ttf */ = {isa = PBXFileReference; explicitFileType = undefined; fileEncoding = 9; includeInIndex = 0; lastKnownFileType = unknown; name = "OpenSans-Light.ttf"; path = "../assets/fonts/OpenSans-Light.ttf"; sourceTree = "<group>"; };
		469E58E4993F45989F6523C2 /* Montserrat-LightItalic.ttf */ = {isa = PBXFileReference; explicitFileType = undefined; fileEncoding = 9; includeInIndex = 0; lastKnownFileType = unknown; name = "Montserrat-LightItalic.ttf"; path = "../assets/fonts/Montserrat-LightItalic.ttf"; sourceTree = "<group>"; };
		3EDBEA0524536A120032C63A /* splash-screen-logo.png */ = {isa = PBXFileReference; lastKnownFileType = image.png; name = "splash-screen-logo.png"; path = "../assets/splash-screen-logo.png"; sourceTree = "<group>"; };
		3EDBEA0624536A120032C63A /* splash-screen-robot-large.png */ = {isa = PBXFileReference; lastKnownFileType = image.png; name = "splash-screen-robot-large.png"; path = "../assets/splash-screen-robot-large.png"; sourceTree = "<group>"; };
		437271B2B6844842B3E645B9 /* OpenSans-Light.ttf */ = {isa = PBXFileReference; explicitFileType = undefined; fileEncoding = 9; includeInIndex = 0; lastKnownFileType = unknown; name = "OpenSans-Light.ttf"; path = "../assets/fonts/OpenSans-Light.ttf"; sourceTree = "<group>"; };
		469E58E4993F45989F6523C2 /* Montserrat-LightItalic.ttf */ = {isa = PBXFileReference; explicitFileType = undefined; fileEncoding = 9; includeInIndex = 0; lastKnownFileType = unknown; name = "Montserrat-LightItalic.ttf"; path = "../assets/fonts/Montserrat-LightItalic.ttf"; sourceTree = "<group>"; };
		57426C1B69B64E3872A86133 /* Pods-EasyBudgetTests.release.xcconfig */ = {isa = PBXFileReference; includeInIndex = 1; lastKnownFileType = text.xcconfig; name = "Pods-EasyBudgetTests.release.xcconfig"; path = "Pods/Target Support Files/Pods-EasyBudgetTests/Pods-EasyBudgetTests.release.xcconfig"; sourceTree = "<group>"; };
		58BFB3446F294ACCBF103B39 /* SimpleLineIcons.ttf */ = {isa = PBXFileReference; explicitFileType = undefined; fileEncoding = 9; includeInIndex = 0; lastKnownFileType = unknown; name = SimpleLineIcons.ttf; path = "../node_modules/react-native-vector-icons/Fonts/SimpleLineIcons.ttf"; sourceTree = "<group>"; };
		58E5A75BD4F64D19B4EFC946 /* Montserrat-ExtraLightItalic.ttf */ = {isa = PBXFileReference; explicitFileType = undefined; fileEncoding = 9; includeInIndex = 0; lastKnownFileType = unknown; name = "Montserrat-ExtraLightItalic.ttf"; path = "../assets/fonts/Montserrat-ExtraLightItalic.ttf"; sourceTree = "<group>"; };
		5FB493C0A0954EB4B9390E56 /* FontAwesome5_Regular.ttf */ = {isa = PBXFileReference; explicitFileType = undefined; fileEncoding = 9; includeInIndex = 0; lastKnownFileType = unknown; name = FontAwesome5_Regular.ttf; path = "../node_modules/react-native-vector-icons/Fonts/FontAwesome5_Regular.ttf"; sourceTree = "<group>"; };
		63EAFA0191484B40ACB8166A /* Montserrat-MediumItalic.ttf */ = {isa = PBXFileReference; explicitFileType = undefined; fileEncoding = 9; includeInIndex = 0; lastKnownFileType = unknown; name = "Montserrat-MediumItalic.ttf"; path = "../assets/fonts/Montserrat-MediumItalic.ttf"; sourceTree = "<group>"; };
		63F87B4BB4EBB7351C39AFAA /* libPods-EasyBudget.a */ = {isa = PBXFileReference; explicitFileType = archive.ar; includeInIndex = 0; path = "libPods-EasyBudget.a"; sourceTree = BUILT_PRODUCTS_DIR; };
		677CA36364AEBA44D2E3848D /* libPods-EasyBudget-tvOSTests.a */ = {isa = PBXFileReference; explicitFileType = archive.ar; includeInIndex = 0; path = "libPods-EasyBudget-tvOSTests.a"; sourceTree = BUILT_PRODUCTS_DIR; };
		706DA9EC915543768318FACA /* Montserrat-Medium.ttf */ = {isa = PBXFileReference; explicitFileType = undefined; fileEncoding = 9; includeInIndex = 0; lastKnownFileType = unknown; name = "Montserrat-Medium.ttf"; path = "../assets/fonts/Montserrat-Medium.ttf"; sourceTree = "<group>"; };
		707BB5BF7E8040DD8196358C /* Montserrat-ExtraBoldItalic.ttf */ = {isa = PBXFileReference; explicitFileType = undefined; fileEncoding = 9; includeInIndex = 0; lastKnownFileType = unknown; name = "Montserrat-ExtraBoldItalic.ttf"; path = "../assets/fonts/Montserrat-ExtraBoldItalic.ttf"; sourceTree = "<group>"; };
		75A4D9B87DD6411E981593C7 /* Ionicons.ttf */ = {isa = PBXFileReference; explicitFileType = undefined; fileEncoding = 9; includeInIndex = 0; lastKnownFileType = unknown; name = Ionicons.ttf; path = "../node_modules/react-native-vector-icons/Fonts/Ionicons.ttf"; sourceTree = "<group>"; };
		774893FBBDD943C6920857B1 /* Montserrat-Regular.ttf */ = {isa = PBXFileReference; explicitFileType = undefined; fileEncoding = 9; includeInIndex = 0; lastKnownFileType = unknown; name = "Montserrat-Regular.ttf"; path = "../assets/fonts/Montserrat-Regular.ttf"; sourceTree = "<group>"; };
		7B8BD182186E43838F05FA5D /* Foundation.ttf */ = {isa = PBXFileReference; explicitFileType = undefined; fileEncoding = 9; includeInIndex = 0; lastKnownFileType = unknown; name = Foundation.ttf; path = "../node_modules/react-native-vector-icons/Fonts/Foundation.ttf"; sourceTree = "<group>"; };
		84D49403E88441049E21CFF3 /* Montserrat-BlackItalic.ttf */ = {isa = PBXFileReference; explicitFileType = undefined; fileEncoding = 9; includeInIndex = 0; lastKnownFileType = unknown; name = "Montserrat-BlackItalic.ttf"; path = "../assets/fonts/Montserrat-BlackItalic.ttf"; sourceTree = "<group>"; };
		9011A10A2143428984995804 /* Entypo.ttf */ = {isa = PBXFileReference; explicitFileType = undefined; fileEncoding = 9; includeInIndex = 0; lastKnownFileType = unknown; name = Entypo.ttf; path = "../node_modules/react-native-vector-icons/Fonts/Entypo.ttf"; sourceTree = "<group>"; };
		94C1AB64C5084C38ADB4107F /* Montserrat-Light.ttf */ = {isa = PBXFileReference; explicitFileType = undefined; fileEncoding = 9; includeInIndex = 0; lastKnownFileType = unknown; name = "Montserrat-Light.ttf"; path = "../assets/fonts/Montserrat-Light.ttf"; sourceTree = "<group>"; };
		954B04760A724F0AAF44AD0A /* Montserrat-Bold.ttf */ = {isa = PBXFileReference; explicitFileType = undefined; fileEncoding = 9; includeInIndex = 0; lastKnownFileType = unknown; name = "Montserrat-Bold.ttf"; path = "../assets/fonts/Montserrat-Bold.ttf"; sourceTree = "<group>"; };
		9DA2AD2B003672617A77EA50 /* Pods-EasyBudget.release.xcconfig */ = {isa = PBXFileReference; includeInIndex = 1; lastKnownFileType = text.xcconfig; name = "Pods-EasyBudget.release.xcconfig"; path = "Pods/Target Support Files/Pods-EasyBudget/Pods-EasyBudget.release.xcconfig"; sourceTree = "<group>"; };
		A9459E92032C4C3A880FD14F /* Octicons.ttf */ = {isa = PBXFileReference; explicitFileType = undefined; fileEncoding = 9; includeInIndex = 0; lastKnownFileType = unknown; name = Octicons.ttf; path = "../node_modules/react-native-vector-icons/Fonts/Octicons.ttf"; sourceTree = "<group>"; };
		AA6B8B9ADD35BEFA38248CDE /* libPods-EasyBudget-tvOS.a */ = {isa = PBXFileReference; explicitFileType = archive.ar; includeInIndex = 0; path = "libPods-EasyBudget-tvOS.a"; sourceTree = BUILT_PRODUCTS_DIR; };
		AB17C35227D3465AB847BC16 /* Montserrat-ThinItalic.ttf */ = {isa = PBXFileReference; explicitFileType = undefined; fileEncoding = 9; includeInIndex = 0; lastKnownFileType = unknown; name = "Montserrat-ThinItalic.ttf"; path = "../assets/fonts/Montserrat-ThinItalic.ttf"; sourceTree = "<group>"; };
		ABB68E67EFC6445B929A732D /* OpenSans-ExtraBoldItalic.ttf */ = {isa = PBXFileReference; explicitFileType = undefined; fileEncoding = 9; includeInIndex = 0; lastKnownFileType = unknown; name = "OpenSans-ExtraBoldItalic.ttf"; path = "../assets/fonts/OpenSans-ExtraBoldItalic.ttf"; sourceTree = "<group>"; };
		ACE526E7099D485293ED70AD /* OpenSans-SemiBoldItalic.ttf */ = {isa = PBXFileReference; explicitFileType = undefined; fileEncoding = 9; includeInIndex = 0; lastKnownFileType = unknown; name = "OpenSans-SemiBoldItalic.ttf"; path = "../assets/fonts/OpenSans-SemiBoldItalic.ttf"; sourceTree = "<group>"; };
		B6D2066DB408754AA42D3F8A /* Pods-EasyBudget-tvOS.release.xcconfig */ = {isa = PBXFileReference; includeInIndex = 1; lastKnownFileType = text.xcconfig; name = "Pods-EasyBudget-tvOS.release.xcconfig"; path = "Pods/Target Support Files/Pods-EasyBudget-tvOS/Pods-EasyBudget-tvOS.release.xcconfig"; sourceTree = "<group>"; };
		BD6C1421646B45AD895207E6 /* Feather.ttf */ = {isa = PBXFileReference; explicitFileType = undefined; fileEncoding = 9; includeInIndex = 0; lastKnownFileType = unknown; name = Feather.ttf; path = "../node_modules/react-native-vector-icons/Fonts/Feather.ttf"; sourceTree = "<group>"; };
		C61B771E51B94640994F054F /* Montserrat-Thin.ttf */ = {isa = PBXFileReference; explicitFileType = undefined; fileEncoding = 9; includeInIndex = 0; lastKnownFileType = unknown; name = "Montserrat-Thin.ttf"; path = "../assets/fonts/Montserrat-Thin.ttf"; sourceTree = "<group>"; };
		C7B311CEC69E0300F72B918C /* libPods-EasyBudgetTests.a */ = {isa = PBXFileReference; explicitFileType = archive.ar; includeInIndex = 0; path = "libPods-EasyBudgetTests.a"; sourceTree = BUILT_PRODUCTS_DIR; };
		D467E1B9231E4486BB882B77 /* OpenSans-Bold.ttf */ = {isa = PBXFileReference; explicitFileType = undefined; fileEncoding = 9; includeInIndex = 0; lastKnownFileType = unknown; name = "OpenSans-Bold.ttf"; path = "../assets/fonts/OpenSans-Bold.ttf"; sourceTree = "<group>"; };
		D6FC6E5907794BEF840B2790 /* FontAwesome.ttf */ = {isa = PBXFileReference; explicitFileType = undefined; fileEncoding = 9; includeInIndex = 0; lastKnownFileType = unknown; name = FontAwesome.ttf; path = "../node_modules/react-native-vector-icons/Fonts/FontAwesome.ttf"; sourceTree = "<group>"; };
		D92DB21E408614AA113EB931 /* Pods-EasyBudget.debug.xcconfig */ = {isa = PBXFileReference; includeInIndex = 1; lastKnownFileType = text.xcconfig; name = "Pods-EasyBudget.debug.xcconfig"; path = "Pods/Target Support Files/Pods-EasyBudget/Pods-EasyBudget.debug.xcconfig"; sourceTree = "<group>"; };
		D9F786EB08234E739CBB8563 /* OpenSans-SemiBold.ttf */ = {isa = PBXFileReference; explicitFileType = undefined; fileEncoding = 9; includeInIndex = 0; lastKnownFileType = unknown; name = "OpenSans-SemiBold.ttf"; path = "../assets/fonts/OpenSans-SemiBold.ttf"; sourceTree = "<group>"; };
		DB266AD9009042EFBC3C1C7D /* OpenSans-LightItalic.ttf */ = {isa = PBXFileReference; explicitFileType = undefined; fileEncoding = 9; includeInIndex = 0; lastKnownFileType = unknown; name = "OpenSans-LightItalic.ttf"; path = "../assets/fonts/OpenSans-LightItalic.ttf"; sourceTree = "<group>"; };
		DB3EBEBB34E44EEBABA86E35 /* Montserrat-Black.ttf */ = {isa = PBXFileReference; explicitFileType = undefined; fileEncoding = 9; includeInIndex = 0; lastKnownFileType = unknown; name = "Montserrat-Black.ttf"; path = "../assets/fonts/Montserrat-Black.ttf"; sourceTree = "<group>"; };
		DE08C4B6543848BEB80D51C3 /* Montserrat-SemiBoldItalic.ttf */ = {isa = PBXFileReference; explicitFileType = undefined; fileEncoding = 9; includeInIndex = 0; lastKnownFileType = unknown; name = "Montserrat-SemiBoldItalic.ttf"; path = "../assets/fonts/Montserrat-SemiBoldItalic.ttf"; sourceTree = "<group>"; };
		E1CAD82F492EE017ACF4D41F /* Pods-EasyBudget-tvOSTests.release.xcconfig */ = {isa = PBXFileReference; includeInIndex = 1; lastKnownFileType = text.xcconfig; name = "Pods-EasyBudget-tvOSTests.release.xcconfig"; path = "Pods/Target Support Files/Pods-EasyBudget-tvOSTests/Pods-EasyBudget-tvOSTests.release.xcconfig"; sourceTree = "<group>"; };
		E3B9AACB63334CE8B42C72F1 /* MaterialCommunityIcons.ttf */ = {isa = PBXFileReference; explicitFileType = undefined; fileEncoding = 9; includeInIndex = 0; lastKnownFileType = unknown; name = MaterialCommunityIcons.ttf; path = "../node_modules/react-native-vector-icons/Fonts/MaterialCommunityIcons.ttf"; sourceTree = "<group>"; };
		E8031D5E7DE03E0AFCC8953B /* Pods-EasyBudgetTests.debug.xcconfig */ = {isa = PBXFileReference; includeInIndex = 1; lastKnownFileType = text.xcconfig; name = "Pods-EasyBudgetTests.debug.xcconfig"; path = "Pods/Target Support Files/Pods-EasyBudgetTests/Pods-EasyBudgetTests.debug.xcconfig"; sourceTree = "<group>"; };
		E9AAA5148DC44F69BF01BEAC /* Zocial.ttf */ = {isa = PBXFileReference; explicitFileType = undefined; fileEncoding = 9; includeInIndex = 0; lastKnownFileType = unknown; name = Zocial.ttf; path = "../node_modules/react-native-vector-icons/Fonts/Zocial.ttf"; sourceTree = "<group>"; };
		ED297162215061F000B7C4FE /* JavaScriptCore.framework */ = {isa = PBXFileReference; lastKnownFileType = wrapper.framework; name = JavaScriptCore.framework; path = System/Library/Frameworks/JavaScriptCore.framework; sourceTree = SDKROOT; };
		ED2971642150620600B7C4FE /* JavaScriptCore.framework */ = {isa = PBXFileReference; lastKnownFileType = wrapper.framework; name = JavaScriptCore.framework; path = Platforms/AppleTVOS.platform/Developer/SDKs/AppleTVOS12.0.sdk/System/Library/Frameworks/JavaScriptCore.framework; sourceTree = DEVELOPER_DIR; };
		EFBB8B1B07768697F4770C7D /* Pods-EasyBudget-tvOS.debug.xcconfig */ = {isa = PBXFileReference; includeInIndex = 1; lastKnownFileType = text.xcconfig; name = "Pods-EasyBudget-tvOS.debug.xcconfig"; path = "Pods/Target Support Files/Pods-EasyBudget-tvOS/Pods-EasyBudget-tvOS.debug.xcconfig"; sourceTree = "<group>"; };
		F09B5F24380D40D499A168CF /* OpenSans-BoldItalic.ttf */ = {isa = PBXFileReference; explicitFileType = undefined; fileEncoding = 9; includeInIndex = 0; lastKnownFileType = unknown; name = "OpenSans-BoldItalic.ttf"; path = "../assets/fonts/OpenSans-BoldItalic.ttf"; sourceTree = "<group>"; };
		F48A601665944C098C15620D /* Montserrat-ExtraBold.ttf */ = {isa = PBXFileReference; explicitFileType = undefined; fileEncoding = 9; includeInIndex = 0; lastKnownFileType = unknown; name = "Montserrat-ExtraBold.ttf"; path = "../assets/fonts/Montserrat-ExtraBold.ttf"; sourceTree = "<group>"; };
		F54ECE3EA4504EEEAC8E18F7 /* OpenSans-Italic.ttf */ = {isa = PBXFileReference; explicitFileType = undefined; fileEncoding = 9; includeInIndex = 0; lastKnownFileType = unknown; name = "OpenSans-Italic.ttf"; path = "../assets/fonts/OpenSans-Italic.ttf"; sourceTree = "<group>"; };
		FC6A6BEF88784028BD9B48F7 /* Montserrat-BoldItalic.ttf */ = {isa = PBXFileReference; explicitFileType = undefined; fileEncoding = 9; includeInIndex = 0; lastKnownFileType = unknown; name = "Montserrat-BoldItalic.ttf"; path = "../assets/fonts/Montserrat-BoldItalic.ttf"; sourceTree = "<group>"; };
		FFB45AC7B7FF42A0BFC721CD /* EvilIcons.ttf */ = {isa = PBXFileReference; explicitFileType = undefined; fileEncoding = 9; includeInIndex = 0; lastKnownFileType = unknown; name = EvilIcons.ttf; path = "../node_modules/react-native-vector-icons/Fonts/EvilIcons.ttf"; sourceTree = "<group>"; };
/* End PBXFileReference section */

/* Begin PBXFrameworksBuildPhase section */
		13B07F8C1A680F5B00A75B9A /* Frameworks */ = {
			isa = PBXFrameworksBuildPhase;
			buildActionMask = 2147483647;
			files = (
				1DFEF2B52335E035BDDC87EC /* libPods-EasyBudget.a in Frameworks */,
			);
			runOnlyForDeploymentPostprocessing = 0;
		};
/* End PBXFrameworksBuildPhase section */

/* Begin PBXGroup section */
		07992F170195AD6B53DCB990 /* Pods */ = {
			isa = PBXGroup;
			children = (
				D92DB21E408614AA113EB931 /* Pods-EasyBudget.debug.xcconfig */,
				9DA2AD2B003672617A77EA50 /* Pods-EasyBudget.release.xcconfig */,
				EFBB8B1B07768697F4770C7D /* Pods-EasyBudget-tvOS.debug.xcconfig */,
				B6D2066DB408754AA42D3F8A /* Pods-EasyBudget-tvOS.release.xcconfig */,
				11E075602A78BE340376B635 /* Pods-EasyBudget-tvOSTests.debug.xcconfig */,
				E1CAD82F492EE017ACF4D41F /* Pods-EasyBudget-tvOSTests.release.xcconfig */,
				E8031D5E7DE03E0AFCC8953B /* Pods-EasyBudgetTests.debug.xcconfig */,
				57426C1B69B64E3872A86133 /* Pods-EasyBudgetTests.release.xcconfig */,
			);
			name = Pods;
			sourceTree = "<group>";
		};
		13B07FAE1A68108700A75B9A /* EasyBudget */ = {
			isa = PBXGroup;
			children = (
				3E6BBD1C23DF6AF900F6F7B0 /* GoogleService-Info.plist */,
				008F07F21AC5B25A0029DE68 /* main.jsbundle */,
				13B07FAF1A68108700A75B9A /* AppDelegate.h */,
				13B07FB01A68108700A75B9A /* AppDelegate.m */,
				13B07FB51A68108700A75B9A /* Images.xcassets */,
				13B07FB61A68108700A75B9A /* Info.plist */,
				13B07FB11A68108700A75B9A /* LaunchScreen.xib */,
				3EDBEA0524536A120032C63A /* splash-screen-logo.png */,
				3EDBEA0624536A120032C63A /* splash-screen-robot-large.png */,
				13B07FB71A68108700A75B9A /* main.m */,
			);
			name = EasyBudget;
			sourceTree = "<group>";
		};
		228050CC33E045469DFBA2E5 /* Resources */ = {
			isa = PBXGroup;
			children = (
				114C71ABBCE34D938622E6DA /* AntDesign.ttf */,
				9011A10A2143428984995804 /* Entypo.ttf */,
				FFB45AC7B7FF42A0BFC721CD /* EvilIcons.ttf */,
				BD6C1421646B45AD895207E6 /* Feather.ttf */,
				D6FC6E5907794BEF840B2790 /* FontAwesome.ttf */,
				2A4B1D4A858A4250808F5B4B /* FontAwesome5_Brands.ttf */,
				5FB493C0A0954EB4B9390E56 /* FontAwesome5_Regular.ttf */,
				1CF9C57A3AF64DCF80FAF9C6 /* FontAwesome5_Solid.ttf */,
				23A487F171514DA7BD019A7E /* Fontisto.ttf */,
				7B8BD182186E43838F05FA5D /* Foundation.ttf */,
				75A4D9B87DD6411E981593C7 /* Ionicons.ttf */,
				E3B9AACB63334CE8B42C72F1 /* MaterialCommunityIcons.ttf */,
				221FA670EEBB4B9F8FF54751 /* MaterialIcons.ttf */,
				A9459E92032C4C3A880FD14F /* Octicons.ttf */,
				58BFB3446F294ACCBF103B39 /* SimpleLineIcons.ttf */,
				E9AAA5148DC44F69BF01BEAC /* Zocial.ttf */,
				DB3EBEBB34E44EEBABA86E35 /* Montserrat-Black.ttf */,
				84D49403E88441049E21CFF3 /* Montserrat-BlackItalic.ttf */,
				954B04760A724F0AAF44AD0A /* Montserrat-Bold.ttf */,
				FC6A6BEF88784028BD9B48F7 /* Montserrat-BoldItalic.ttf */,
				F48A601665944C098C15620D /* Montserrat-ExtraBold.ttf */,
				707BB5BF7E8040DD8196358C /* Montserrat-ExtraBoldItalic.ttf */,
				2568F3C8D3374B0F9796E95B /* Montserrat-ExtraLight.ttf */,
				58E5A75BD4F64D19B4EFC946 /* Montserrat-ExtraLightItalic.ttf */,
				2FC9189F05AB4851B3CA77F1 /* Montserrat-Italic.ttf */,
				94C1AB64C5084C38ADB4107F /* Montserrat-Light.ttf */,
				469E58E4993F45989F6523C2 /* Montserrat-LightItalic.ttf */,
				706DA9EC915543768318FACA /* Montserrat-Medium.ttf */,
				63EAFA0191484B40ACB8166A /* Montserrat-MediumItalic.ttf */,
				774893FBBDD943C6920857B1 /* Montserrat-Regular.ttf */,
				39CB648CA51F4E5780965F83 /* Montserrat-SemiBold.ttf */,
				DE08C4B6543848BEB80D51C3 /* Montserrat-SemiBoldItalic.ttf */,
				C61B771E51B94640994F054F /* Montserrat-Thin.ttf */,
				AB17C35227D3465AB847BC16 /* Montserrat-ThinItalic.ttf */,
				D467E1B9231E4486BB882B77 /* OpenSans-Bold.ttf */,
				F09B5F24380D40D499A168CF /* OpenSans-BoldItalic.ttf */,
				17B6A9381F214DF486AD7FED /* OpenSans-ExtraBold.ttf */,
				ABB68E67EFC6445B929A732D /* OpenSans-ExtraBoldItalic.ttf */,
				F54ECE3EA4504EEEAC8E18F7 /* OpenSans-Italic.ttf */,
				437271B2B6844842B3E645B9 /* OpenSans-Light.ttf */,
				DB266AD9009042EFBC3C1C7D /* OpenSans-LightItalic.ttf */,
				0337C67CF9B2407AB7F9927B /* OpenSans-Regular.ttf */,
				D9F786EB08234E739CBB8563 /* OpenSans-SemiBold.ttf */,
				ACE526E7099D485293ED70AD /* OpenSans-SemiBoldItalic.ttf */,
			);
			name = Resources;
			sourceTree = "<group>";
		};
		2D16E6871FA4F8E400B85C8A /* Frameworks */ = {
			isa = PBXGroup;
			children = (
				ED297162215061F000B7C4FE /* JavaScriptCore.framework */,
				ED2971642150620600B7C4FE /* JavaScriptCore.framework */,
				63F87B4BB4EBB7351C39AFAA /* libPods-EasyBudget.a */,
				AA6B8B9ADD35BEFA38248CDE /* libPods-EasyBudget-tvOS.a */,
				677CA36364AEBA44D2E3848D /* libPods-EasyBudget-tvOSTests.a */,
				C7B311CEC69E0300F72B918C /* libPods-EasyBudgetTests.a */,
			);
			name = Frameworks;
			sourceTree = "<group>";
		};
		832341AE1AAA6A7D00B99B32 /* Libraries */ = {
			isa = PBXGroup;
			children = (
			);
			name = Libraries;
			sourceTree = "<group>";
		};
		83CBB9F61A601CBA00E9B192 = {
			isa = PBXGroup;
			children = (
				3E6C8DC324511A410082F57B /* File.swift */,
				13B07FAE1A68108700A75B9A /* EasyBudget */,
				832341AE1AAA6A7D00B99B32 /* Libraries */,
				83CBBA001A601CBA00E9B192 /* Products */,
				2D16E6871FA4F8E400B85C8A /* Frameworks */,
				07992F170195AD6B53DCB990 /* Pods */,
				228050CC33E045469DFBA2E5 /* Resources */,
				3E6C8DC224511A410082F57B /* EasyBudget-Bridging-Header.h */,
			);
			indentWidth = 2;
			sourceTree = "<group>";
			tabWidth = 2;
			usesTabs = 0;
		};
		83CBBA001A601CBA00E9B192 /* Products */ = {
			isa = PBXGroup;
			children = (
				13B07F961A680F5B00A75B9A /* EasyBudget.app */,
			);
			name = Products;
			sourceTree = "<group>";
		};
/* End PBXGroup section */

/* Begin PBXNativeTarget section */
		13B07F861A680F5B00A75B9A /* EasyBudget */ = {
			isa = PBXNativeTarget;
			buildConfigurationList = 13B07F931A680F5B00A75B9A /* Build configuration list for PBXNativeTarget "EasyBudget" */;
			buildPhases = (
				17E215043489B744B092265C /* [CP] Check Pods Manifest.lock */,
				FD10A7F022414F080027D42C /* Start Packager */,
				13B07F871A680F5B00A75B9A /* Sources */,
				13B07F8C1A680F5B00A75B9A /* Frameworks */,
				13B07F8E1A680F5B00A75B9A /* Resources */,
				00DD1BFF1BD5951E006B06BC /* Bundle React Native code and images */,
				C2129199C1C2AA840698F3DF /* [CP] Copy Pods Resources */,
			);
			buildRules = (
			);
			dependencies = (
			);
			name = EasyBudget;
			productName = EasyBudget;
			productReference = 13B07F961A680F5B00A75B9A /* EasyBudget.app */;
			productType = "com.apple.product-type.application";
		};
/* End PBXNativeTarget section */

/* Begin PBXProject section */
		83CBB9F71A601CBA00E9B192 /* Project object */ = {
			isa = PBXProject;
			attributes = {
				LastUpgradeCheck = 940;
				ORGANIZATIONNAME = Facebook;
				TargetAttributes = {
					13B07F861A680F5B00A75B9A = {
						DevelopmentTeam = 936DG5J788;
						LastSwiftMigration = 1120;
					};
				};
			};
			buildConfigurationList = 83CBB9FA1A601CBA00E9B192 /* Build configuration list for PBXProject "EasyBudget" */;
			compatibilityVersion = "Xcode 3.2";
			developmentRegion = English;
			hasScannedForEncodings = 0;
			knownRegions = (
				English,
				en,
				Base,
			);
			mainGroup = 83CBB9F61A601CBA00E9B192;
			productRefGroup = 83CBBA001A601CBA00E9B192 /* Products */;
			projectDirPath = "";
			projectRoot = "";
			targets = (
				13B07F861A680F5B00A75B9A /* EasyBudget */,
			);
		};
/* End PBXProject section */

/* Begin PBXResourcesBuildPhase section */
		13B07F8E1A680F5B00A75B9A /* Resources */ = {
			isa = PBXResourcesBuildPhase;
			buildActionMask = 2147483647;
			files = (
				13B07FBF1A68108700A75B9A /* Images.xcassets in Resources */,
				13B07FBD1A68108700A75B9A /* LaunchScreen.xib in Resources */,
				3E6BBD1D23DF6AF900F6F7B0 /* GoogleService-Info.plist in Resources */,
				B585E283FD624D5F8F3AC672 /* Montserrat-Black.ttf in Resources */,
				BCD655FDD7A04018886CE61A /* Montserrat-BlackItalic.ttf in Resources */,
				86B837AA26764AF88A9228FD /* Montserrat-Bold.ttf in Resources */,
				54CDE63FB6D64FF192C45178 /* Montserrat-BoldItalic.ttf in Resources */,
				6A1537FB217E4A99B445D096 /* Montserrat-ExtraBold.ttf in Resources */,
				902F8A6ACE6F4D1AA42C0738 /* Montserrat-ExtraBoldItalic.ttf in Resources */,
				9296CFB056D246EAAF4B3850 /* Montserrat-ExtraLight.ttf in Resources */,
				4F34A1A855864888A8D674B4 /* Montserrat-ExtraLightItalic.ttf in Resources */,
				E3D9FE7B5B3843868F61E040 /* Montserrat-Italic.ttf in Resources */,
				B9CA9A29CF934002964D41EE /* Montserrat-Light.ttf in Resources */,
				DB2A6011118C472D8CC4CE00 /* Montserrat-LightItalic.ttf in Resources */,
				2D0DCC7AC42D4005AC991BF7 /* Montserrat-Medium.ttf in Resources */,
				AEE9982D4E6D4A9A927B614B /* Montserrat-MediumItalic.ttf in Resources */,
				3CFD17EEA8B743EDBDEC60D4 /* Montserrat-Regular.ttf in Resources */,
				6E0F89470B144B3593AA88A3 /* Montserrat-SemiBold.ttf in Resources */,
				4957BF4F19144BA18D0399F0 /* Montserrat-SemiBoldItalic.ttf in Resources */,
				AC66C219830E4F5F89125FB6 /* Montserrat-Thin.ttf in Resources */,
				BF7AE9C940534791AC64BC92 /* Montserrat-ThinItalic.ttf in Resources */,
				934D68B53AD942E497B2FC91 /* OpenSans-Bold.ttf in Resources */,
				B70E2FEBB3D24596A3D3A2C0 /* OpenSans-BoldItalic.ttf in Resources */,
				91B77D73A7FB485AB5A09E1C /* OpenSans-ExtraBold.ttf in Resources */,
				B7D8DF67B7524B289CCD6636 /* OpenSans-ExtraBoldItalic.ttf in Resources */,
				8ABEDA155E4A40DC91BC4489 /* OpenSans-Italic.ttf in Resources */,
				3190757E27E14B36BE876A13 /* OpenSans-Light.ttf in Resources */,
				D39B303DEDEE4404927F05E1 /* OpenSans-LightItalic.ttf in Resources */,
				D6F0B001A1A5411BBD735792 /* OpenSans-Regular.ttf in Resources */,
				9BC6356E43304CE0B93194BE /* OpenSans-SemiBold.ttf in Resources */,
				3EDBEA0824536A120032C63A /* splash-screen-robot-large.png in Resources */,
				1470D32C92B843E8AE2511C2 /* OpenSans-SemiBoldItalic.ttf in Resources */,
				3EDBEA0724536A120032C63A /* splash-screen-logo.png in Resources */,
			);
			runOnlyForDeploymentPostprocessing = 0;
		};
/* End PBXResourcesBuildPhase section */

/* Begin PBXShellScriptBuildPhase section */
		00DD1BFF1BD5951E006B06BC /* Bundle React Native code and images */ = {
			isa = PBXShellScriptBuildPhase;
			buildActionMask = 2147483647;
			files = (
			);
			inputPaths = (
			);
			name = "Bundle React Native code and images";
			outputPaths = (
			);
			runOnlyForDeploymentPostprocessing = 0;
			shellPath = /bin/sh;
			shellScript = "export NODE_BINARY=node\n../node_modules/react-native/scripts/react-native-xcode.sh";
		};
		17E215043489B744B092265C /* [CP] Check Pods Manifest.lock */ = {
			isa = PBXShellScriptBuildPhase;
			buildActionMask = 2147483647;
			files = (
			);
			inputFileListPaths = (
			);
			inputPaths = (
				"${PODS_PODFILE_DIR_PATH}/Podfile.lock",
				"${PODS_ROOT}/Manifest.lock",
			);
			name = "[CP] Check Pods Manifest.lock";
			outputFileListPaths = (
			);
			outputPaths = (
				"$(DERIVED_FILE_DIR)/Pods-EasyBudget-checkManifestLockResult.txt",
			);
			runOnlyForDeploymentPostprocessing = 0;
			shellPath = /bin/sh;
			shellScript = "diff \"${PODS_PODFILE_DIR_PATH}/Podfile.lock\" \"${PODS_ROOT}/Manifest.lock\" > /dev/null\nif [ $? != 0 ] ; then\n    # print error to STDERR\n    echo \"error: The sandbox is not in sync with the Podfile.lock. Run 'pod install' or update your CocoaPods installation.\" >&2\n    exit 1\nfi\n# This output is used by Xcode 'outputs' to avoid re-running this script phase.\necho \"SUCCESS\" > \"${SCRIPT_OUTPUT_FILE_0}\"\n";
			showEnvVarsInLog = 0;
		};
		C2129199C1C2AA840698F3DF /* [CP] Copy Pods Resources */ = {
			isa = PBXShellScriptBuildPhase;
			buildActionMask = 2147483647;
			files = (
			);
			inputPaths = (
				"${PODS_ROOT}/Target Support Files/Pods-EasyBudget/Pods-EasyBudget-resources.sh",
				"${PODS_ROOT}/GoogleSignIn/Resources/GoogleSignIn.bundle",
				"${PODS_ROOT}/../../node_modules/react-native-vector-icons/Fonts/AntDesign.ttf",
				"${PODS_ROOT}/../../node_modules/react-native-vector-icons/Fonts/Entypo.ttf",
				"${PODS_ROOT}/../../node_modules/react-native-vector-icons/Fonts/EvilIcons.ttf",
				"${PODS_ROOT}/../../node_modules/react-native-vector-icons/Fonts/Feather.ttf",
				"${PODS_ROOT}/../../node_modules/react-native-vector-icons/Fonts/FontAwesome.ttf",
				"${PODS_ROOT}/../../node_modules/react-native-vector-icons/Fonts/FontAwesome5_Brands.ttf",
				"${PODS_ROOT}/../../node_modules/react-native-vector-icons/Fonts/FontAwesome5_Regular.ttf",
				"${PODS_ROOT}/../../node_modules/react-native-vector-icons/Fonts/FontAwesome5_Solid.ttf",
				"${PODS_ROOT}/../../node_modules/react-native-vector-icons/Fonts/Fontisto.ttf",
				"${PODS_ROOT}/../../node_modules/react-native-vector-icons/Fonts/Foundation.ttf",
				"${PODS_ROOT}/../../node_modules/react-native-vector-icons/Fonts/Ionicons.ttf",
				"${PODS_ROOT}/../../node_modules/react-native-vector-icons/Fonts/MaterialCommunityIcons.ttf",
				"${PODS_ROOT}/../../node_modules/react-native-vector-icons/Fonts/MaterialIcons.ttf",
				"${PODS_ROOT}/../../node_modules/react-native-vector-icons/Fonts/Octicons.ttf",
				"${PODS_ROOT}/../../node_modules/react-native-vector-icons/Fonts/SimpleLineIcons.ttf",
				"${PODS_ROOT}/../../node_modules/react-native-vector-icons/Fonts/Zocial.ttf",
			);
			name = "[CP] Copy Pods Resources";
			outputPaths = (
				"${TARGET_BUILD_DIR}/${UNLOCALIZED_RESOURCES_FOLDER_PATH}/GoogleSignIn.bundle",
				"${TARGET_BUILD_DIR}/${UNLOCALIZED_RESOURCES_FOLDER_PATH}/AntDesign.ttf",
				"${TARGET_BUILD_DIR}/${UNLOCALIZED_RESOURCES_FOLDER_PATH}/Entypo.ttf",
				"${TARGET_BUILD_DIR}/${UNLOCALIZED_RESOURCES_FOLDER_PATH}/EvilIcons.ttf",
				"${TARGET_BUILD_DIR}/${UNLOCALIZED_RESOURCES_FOLDER_PATH}/Feather.ttf",
				"${TARGET_BUILD_DIR}/${UNLOCALIZED_RESOURCES_FOLDER_PATH}/FontAwesome.ttf",
				"${TARGET_BUILD_DIR}/${UNLOCALIZED_RESOURCES_FOLDER_PATH}/FontAwesome5_Brands.ttf",
				"${TARGET_BUILD_DIR}/${UNLOCALIZED_RESOURCES_FOLDER_PATH}/FontAwesome5_Regular.ttf",
				"${TARGET_BUILD_DIR}/${UNLOCALIZED_RESOURCES_FOLDER_PATH}/FontAwesome5_Solid.ttf",
				"${TARGET_BUILD_DIR}/${UNLOCALIZED_RESOURCES_FOLDER_PATH}/Fontisto.ttf",
				"${TARGET_BUILD_DIR}/${UNLOCALIZED_RESOURCES_FOLDER_PATH}/Foundation.ttf",
				"${TARGET_BUILD_DIR}/${UNLOCALIZED_RESOURCES_FOLDER_PATH}/Ionicons.ttf",
				"${TARGET_BUILD_DIR}/${UNLOCALIZED_RESOURCES_FOLDER_PATH}/MaterialCommunityIcons.ttf",
				"${TARGET_BUILD_DIR}/${UNLOCALIZED_RESOURCES_FOLDER_PATH}/MaterialIcons.ttf",
				"${TARGET_BUILD_DIR}/${UNLOCALIZED_RESOURCES_FOLDER_PATH}/Octicons.ttf",
				"${TARGET_BUILD_DIR}/${UNLOCALIZED_RESOURCES_FOLDER_PATH}/SimpleLineIcons.ttf",
				"${TARGET_BUILD_DIR}/${UNLOCALIZED_RESOURCES_FOLDER_PATH}/Zocial.ttf",
			);
			runOnlyForDeploymentPostprocessing = 0;
			shellPath = /bin/sh;
			shellScript = "\"${PODS_ROOT}/Target Support Files/Pods-EasyBudget/Pods-EasyBudget-resources.sh\"\n";
			showEnvVarsInLog = 0;
		};
		FD10A7F022414F080027D42C /* Start Packager */ = {
			isa = PBXShellScriptBuildPhase;
			buildActionMask = 2147483647;
			files = (
			);
			inputFileListPaths = (
			);
			inputPaths = (
			);
			name = "Start Packager";
			outputFileListPaths = (
			);
			outputPaths = (
			);
			runOnlyForDeploymentPostprocessing = 0;
			shellPath = /bin/sh;
			shellScript = "export RCT_METRO_PORT=\"${RCT_METRO_PORT:=8081}\"\necho \"export RCT_METRO_PORT=${RCT_METRO_PORT}\" > \"${SRCROOT}/../node_modules/react-native/scripts/.packager.env\"\nif [ -z \"${RCT_NO_LAUNCH_PACKAGER+xxx}\" ] ; then\n  if nc -w 5 -z localhost ${RCT_METRO_PORT} ; then\n    if ! curl -s \"http://localhost:${RCT_METRO_PORT}/status\" | grep -q \"packager-status:running\" ; then\n      echo \"Port ${RCT_METRO_PORT} already in use, packager is either not running or not running correctly\"\n      exit 2\n    fi\n  else\n    open \"$SRCROOT/../node_modules/react-native/scripts/launchPackager.command\" || echo \"Can't start packager automatically\"\n  fi\nfi\n";
			showEnvVarsInLog = 0;
		};
/* End PBXShellScriptBuildPhase section */

/* Begin PBXSourcesBuildPhase section */
		13B07F871A680F5B00A75B9A /* Sources */ = {
			isa = PBXSourcesBuildPhase;
			buildActionMask = 2147483647;
			files = (
				13B07FBC1A68108700A75B9A /* AppDelegate.m in Sources */,
				3E6C8DC424511A410082F57B /* File.swift in Sources */,
				13B07FC11A68108700A75B9A /* main.m in Sources */,
			);
			runOnlyForDeploymentPostprocessing = 0;
		};
/* End PBXSourcesBuildPhase section */

/* Begin PBXVariantGroup section */
		13B07FB11A68108700A75B9A /* LaunchScreen.xib */ = {
			isa = PBXVariantGroup;
			children = (
				13B07FB21A68108700A75B9A /* Base */,
			);
			name = LaunchScreen.xib;
			path = EasyBudget;
			sourceTree = "<group>";
		};
/* End PBXVariantGroup section */

/* Begin XCBuildConfiguration section */
		13B07F941A680F5B00A75B9A /* Debug */ = {
			isa = XCBuildConfiguration;
			baseConfigurationReference = D92DB21E408614AA113EB931 /* Pods-EasyBudget.debug.xcconfig */;
			buildSettings = {
				ASSETCATALOG_COMPILER_APPICON_NAME = AppIcon;
				CURRENT_PROJECT_VERSION = 10;
				CLANG_ENABLE_MODULES = YES;
				DEAD_CODE_STRIPPING = NO;
				DEVELOPMENT_TEAM = 936DG5J788;
				INFOPLIST_FILE = EasyBudget/Info.plist;
				LD_RUNPATH_SEARCH_PATHS = "$(inherited) @executable_path/Frameworks";
				OTHER_LDFLAGS = (
					"$(inherited)",
					"-ObjC",
					"-lc++",
				);
				PRODUCT_BUNDLE_IDENTIFIER = com.reactnative.easybudget;
				PRODUCT_NAME = EasyBudget;
				SWIFT_OBJC_BRIDGING_HEADER = "EasyBudget-Bridging-Header.h";
				SWIFT_OPTIMIZATION_LEVEL = "-Onone";
				SWIFT_VERSION = 5.0;
				VERSIONING_SYSTEM = "apple-generic";
			};
			name = Debug;
		};
		13B07F951A680F5B00A75B9A /* Release */ = {
			isa = XCBuildConfiguration;
			baseConfigurationReference = 9DA2AD2B003672617A77EA50 /* Pods-EasyBudget.release.xcconfig */;
			buildSettings = {
				ASSETCATALOG_COMPILER_APPICON_NAME = AppIcon;
				CURRENT_PROJECT_VERSION = 10;
				CLANG_ENABLE_MODULES = YES;
				DEVELOPMENT_TEAM = 936DG5J788;
				INFOPLIST_FILE = EasyBudget/Info.plist;
				LD_RUNPATH_SEARCH_PATHS = "$(inherited) @executable_path/Frameworks";
				OTHER_LDFLAGS = (
					"$(inherited)",
					"-ObjC",
					"-lc++",
				);
				PRODUCT_BUNDLE_IDENTIFIER = com.reactnative.easybudget;
				PRODUCT_NAME = EasyBudget;
				PROVISIONING_PROFILE = "04b65ed3-dc8d-4083-880b-4c10ef6682c0";
				PROVISIONING_PROFILE_SPECIFIER = "com.reactnative.easybudget AppStore";
				SWIFT_OBJC_BRIDGING_HEADER = "EasyBudget-Bridging-Header.h";
				SWIFT_VERSION = 5.0;
				VERSIONING_SYSTEM = "apple-generic";
			};
			name = Release;
		};
		83CBBA201A601CBA00E9B192 /* Debug */ = {
			isa = XCBuildConfiguration;
			buildSettings = {
				ALWAYS_SEARCH_USER_PATHS = NO;
				CLANG_CXX_LANGUAGE_STANDARD = "gnu++0x";
				CLANG_CXX_LIBRARY = "libc++";
				CLANG_ENABLE_MODULES = YES;
				CLANG_ENABLE_OBJC_ARC = YES;
				CLANG_WARN_BLOCK_CAPTURE_AUTORELEASING = YES;
				CLANG_WARN_BOOL_CONVERSION = YES;
				CLANG_WARN_COMMA = YES;
				CLANG_WARN_CONSTANT_CONVERSION = YES;
				CLANG_WARN_DEPRECATED_OBJC_IMPLEMENTATIONS = YES;
				CLANG_WARN_DIRECT_OBJC_ISA_USAGE = YES_ERROR;
				CLANG_WARN_EMPTY_BODY = YES;
				CLANG_WARN_ENUM_CONVERSION = YES;
				CLANG_WARN_INFINITE_RECURSION = YES;
				CLANG_WARN_INT_CONVERSION = YES;
				CLANG_WARN_NON_LITERAL_NULL_CONVERSION = YES;
				CLANG_WARN_OBJC_IMPLICIT_RETAIN_SELF = YES;
				CLANG_WARN_OBJC_LITERAL_CONVERSION = YES;
				CLANG_WARN_OBJC_ROOT_CLASS = YES_ERROR;
				CLANG_WARN_RANGE_LOOP_ANALYSIS = YES;
				CLANG_WARN_STRICT_PROTOTYPES = YES;
				CLANG_WARN_SUSPICIOUS_MOVE = YES;
				CLANG_WARN_UNREACHABLE_CODE = YES;
				CLANG_WARN__DUPLICATE_METHOD_MATCH = YES;
				CODE_SIGN_IDENTITY = "Don't Code Sign";
				"CODE_SIGN_IDENTITY[sdk=iphoneos*]" = "Don't Code Sign";
				COPY_PHASE_STRIP = NO;
				ENABLE_STRICT_OBJC_MSGSEND = YES;
				ENABLE_TESTABILITY = YES;
				GCC_C_LANGUAGE_STANDARD = gnu99;
				GCC_DYNAMIC_NO_PIC = NO;
				GCC_NO_COMMON_BLOCKS = YES;
				GCC_OPTIMIZATION_LEVEL = 0;
				GCC_PREPROCESSOR_DEFINITIONS = (
					"DEBUG=1",
					"$(inherited)",
				);
				GCC_SYMBOLS_PRIVATE_EXTERN = NO;
				GCC_WARN_64_TO_32_BIT_CONVERSION = YES;
				GCC_WARN_ABOUT_RETURN_TYPE = YES_ERROR;
				GCC_WARN_UNDECLARED_SELECTOR = YES;
				GCC_WARN_UNINITIALIZED_AUTOS = YES_AGGRESSIVE;
				GCC_WARN_UNUSED_FUNCTION = YES;
				GCC_WARN_UNUSED_VARIABLE = YES;
				IPHONEOS_DEPLOYMENT_TARGET = 9.0;
				MTL_ENABLE_DEBUG_INFO = YES;
				ONLY_ACTIVE_ARCH = YES;
				SDKROOT = iphoneos;
			};
			name = Debug;
		};
		83CBBA211A601CBA00E9B192 /* Release */ = {
			isa = XCBuildConfiguration;
			buildSettings = {
				ALWAYS_SEARCH_USER_PATHS = NO;
				CLANG_CXX_LANGUAGE_STANDARD = "gnu++0x";
				CLANG_CXX_LIBRARY = "libc++";
				CLANG_ENABLE_MODULES = YES;
				CLANG_ENABLE_OBJC_ARC = YES;
				CLANG_WARN_BLOCK_CAPTURE_AUTORELEASING = YES;
				CLANG_WARN_BOOL_CONVERSION = YES;
				CLANG_WARN_COMMA = YES;
				CLANG_WARN_CONSTANT_CONVERSION = YES;
				CLANG_WARN_DEPRECATED_OBJC_IMPLEMENTATIONS = YES;
				CLANG_WARN_DIRECT_OBJC_ISA_USAGE = YES_ERROR;
				CLANG_WARN_EMPTY_BODY = YES;
				CLANG_WARN_ENUM_CONVERSION = YES;
				CLANG_WARN_INFINITE_RECURSION = YES;
				CLANG_WARN_INT_CONVERSION = YES;
				CLANG_WARN_NON_LITERAL_NULL_CONVERSION = YES;
				CLANG_WARN_OBJC_IMPLICIT_RETAIN_SELF = YES;
				CLANG_WARN_OBJC_LITERAL_CONVERSION = YES;
				CLANG_WARN_OBJC_ROOT_CLASS = YES_ERROR;
				CLANG_WARN_RANGE_LOOP_ANALYSIS = YES;
				CLANG_WARN_STRICT_PROTOTYPES = YES;
				CLANG_WARN_SUSPICIOUS_MOVE = YES;
				CLANG_WARN_UNREACHABLE_CODE = YES;
				CLANG_WARN__DUPLICATE_METHOD_MATCH = YES;
				CODE_SIGN_IDENTITY = "iPhone Distribution";
				"CODE_SIGN_IDENTITY[sdk=iphoneos*]" = "iPhone Distribution";
				COPY_PHASE_STRIP = YES;
				ENABLE_NS_ASSERTIONS = NO;
				ENABLE_STRICT_OBJC_MSGSEND = YES;
				GCC_C_LANGUAGE_STANDARD = gnu99;
				GCC_NO_COMMON_BLOCKS = YES;
				GCC_WARN_64_TO_32_BIT_CONVERSION = YES;
				GCC_WARN_ABOUT_RETURN_TYPE = YES_ERROR;
				GCC_WARN_UNDECLARED_SELECTOR = YES;
				GCC_WARN_UNINITIALIZED_AUTOS = YES_AGGRESSIVE;
				GCC_WARN_UNUSED_FUNCTION = YES;
				GCC_WARN_UNUSED_VARIABLE = YES;
				IPHONEOS_DEPLOYMENT_TARGET = 9.0;
				MTL_ENABLE_DEBUG_INFO = NO;
				SDKROOT = iphoneos;
				VALIDATE_PRODUCT = YES;
			};
			name = Release;
		};
/* End XCBuildConfiguration section */

/* Begin XCConfigurationList section */
		13B07F931A680F5B00A75B9A /* Build configuration list for PBXNativeTarget "EasyBudget" */ = {
			isa = XCConfigurationList;
			buildConfigurations = (
				13B07F941A680F5B00A75B9A /* Debug */,
				13B07F951A680F5B00A75B9A /* Release */,
			);
			defaultConfigurationIsVisible = 0;
			defaultConfigurationName = Release;
		};
		83CBB9FA1A601CBA00E9B192 /* Build configuration list for PBXProject "EasyBudget" */ = {
			isa = XCConfigurationList;
			buildConfigurations = (
				83CBBA201A601CBA00E9B192 /* Debug */,
				83CBBA211A601CBA00E9B192 /* Release */,
			);
			defaultConfigurationIsVisible = 0;
			defaultConfigurationName = Release;
		};
/* End XCConfigurationList section */
	};
	rootObject = 83CBB9F71A601CBA00E9B192 /* Project object */;
}
